<Solution>
  <Project Path="C#Day02-test/C#Day02-test.csproj" />
  <Project Path="C#Day03-test/C#Day03-test.csproj" Id="8a0c998b-7b3d-4c93-bc25-f970913c196e" />
  <Project Path="C#Day04-test/C#Day04-test.csproj" Id="5eb4a48a-6b65-433d-914e-2093a02041ce" />
  <Project Path="C#Day05-test/C#Day05-test.csproj" Id="1bb4f638-b6bd-45d5-b065-39380d476df5" />
  <Project Path="C#Day06-test/C#Day06-test.csproj" Id="8714e801-9f37-4bb7-ab7c-d13c7e5173de" />
  <Project Path="C#Day07-test/C#Day07-test.csproj" Id="221a9247-693c-41a4-8898-ea1c62add86a" />
</Solution>
